
Microsoft Visual Studio Solution File, Format Version 12.00
# Visual Studio Version 17
VisualStudioVersion = 17.3.32825.248
MinimumVisualStudioVersion = 10.0.40219.1
Project("{FAE04EC0-301F-11D3-BF4B-00C04F79EFBC}") = "OHCE_B3", "OHCE_B3.csproj", "{21A8C477-7071-4B4E-A0D1-34F553D6EB83}"
EndProject
Project("{FAE04EC0-301F-11D3-BF4B-00C04F79EFBC}") = "OHCE.Test.xUnit", "..\OHCE.Test.xUnit\OHCE.Test.xUnit.csproj", "{7015DB40-5ED3-4AE1-9048-549B601C244F}"
EndProject
Global
	GlobalSection(SolutionConfigurationPlatforms) = preSolution
		Debug|Any CPU = Debug|Any CPU
		Release|Any CPU = Release|Any CPU
	EndGlobalSection
	GlobalSection(ProjectConfigurationPlatforms) = postSolution
		{21A8C477-7071-4B4E-A0D1-34F553D6EB83}.Debug|Any CPU.ActiveCfg = Debug|Any CPU
		{21A8C477-7071-4B4E-A0D1-34F553D6EB83}.Debug|Any CPU.Build.0 = Debug|Any CPU
		{21A8C477-7071-4B4E-A0D1-34F553D6EB83}.Release|Any CPU.ActiveCfg = Release|Any CPU
		{21A8C477-7071-4B4E-A0D1-34F553D6EB83}.Release|Any CPU.Build.0 = Release|Any CPU
		{7015DB40-5ED3-4AE1-9048-549B601C244F}.Debug|Any CPU.ActiveCfg = Debug|Any CPU
		{7015DB40-5ED3-4AE1-9048-549B601C244F}.Debug|Any CPU.Build.0 = Debug|Any CPU
		{7015DB40-5ED3-4AE1-9048-549B601C244F}.Release|Any CPU.ActiveCfg = Release|Any CPU
		{7015DB40-5ED3-4AE1-9048-549B601C244F}.Release|Any CPU.Build.0 = Release|Any CPU
	EndGlobalSection
	GlobalSection(SolutionProperties) = preSolution
		HideSolutionNode = FALSE
	EndGlobalSection
	GlobalSection(ExtensibilityGlobals) = postSolution
		SolutionGuid = {F0B002E5-3D12-4729-92B1-E2D164E892B9}
	EndGlobalSection
EndGlobal